
Microsoft Visual Studio Solution File, Format Version 12.00
# Visual Studio Version 17
VisualStudioVersion = 17.5.33627.172
MinimumVisualStudioVersion = 10.0.40219.1
Project("{9A19103F-16F7-4668-BE54-9A1E7A4F7556}") = "UCCalcWinForms", "UCCalcWinForms\UCCalcWinForms.csproj", "{C3DE3609-30DB-4CC1-A327-9DFC42BCC256}"
EndProject
Project("{FAE04EC0-301F-11D3-BF4B-00C04F79EFBC}") = "UCCalcWinFormsTests", "UCCalcWinFormsTests\UCCalcWinFormsTests.csproj", "{6E9AAA84-1EB9-4029-90FA-FC317BCB6A7D}"
EndProject
Global
	GlobalSection(SolutionConfigurationPlatforms) = preSolution
		Debug|Any CPU = Debug|Any CPU
		Release|Any CPU = Release|Any CPU
	EndGlobalSection
	GlobalSection(ProjectConfigurationPlatforms) = postSolution
		{C3DE3609-30DB-4CC1-A327-9DFC42BCC256}.Debug|Any CPU.ActiveCfg = Debug|Any CPU
		{C3DE3609-30DB-4CC1-A327-9DFC42BCC256}.Debug|Any CPU.Build.0 = Debug|Any CPU
		{C3DE3609-30DB-4CC1-A327-9DFC42BCC256}.Release|Any CPU.ActiveCfg = Release|Any CPU
		{C3DE3609-30DB-4CC1-A327-9DFC42BCC256}.Release|Any CPU.Build.0 = Release|Any CPU
		{6E9AAA84-1EB9-4029-90FA-FC317BCB6A7D}.Debug|Any CPU.ActiveCfg = Debug|Any CPU
		{6E9AAA84-1EB9-4029-90FA-FC317BCB6A7D}.Debug|Any CPU.Build.0 = Debug|Any CPU
		{6E9AAA84-1EB9-4029-90FA-FC317BCB6A7D}.Release|Any CPU.ActiveCfg = Release|Any CPU
		{6E9AAA84-1EB9-4029-90FA-FC317BCB6A7D}.Release|Any CPU.Build.0 = Release|Any CPU
	EndGlobalSection
	GlobalSection(SolutionProperties) = preSolution
		HideSolutionNode = FALSE
	EndGlobalSection
	GlobalSection(ExtensibilityGlobals) = postSolution
		SolutionGuid = {E4D5B79D-4619-457B-94E1-8D7E1BF774B6}
	EndGlobalSection
EndGlobal
